
Microsoft Visual Studio Solution File, Format Version 12.00
# Visual Studio 2015
Project("{FAE04EC0-301F-11D3-BF4B-00C04F79EFBC}") = "polyminis-unity.CSharp", "polyminis-unity.CSharp.csproj", "{B1DBEFCB-5256-1446-2502-94F1085F4304}"
EndProject
Project("{FAE04EC0-301F-11D3-BF4B-00C04F79EFBC}") = "polyminis-unity.CSharp.Editor.Plugins", "polyminis-unity.CSharp.Editor.Plugins.csproj", "{BF7293DC-46B4-ED5C-EFFD-8B2F94F45894}"
EndProject
Project("{FAE04EC0-301F-11D3-BF4B-00C04F79EFBC}") = "polyminis-unity.CSharp.Editor", "polyminis-unity.CSharp.Editor.csproj", "{4A883D0B-3D1F-919D-56DF-16119AD887F2}"
EndProject
Global
	GlobalSection(SolutionConfigurationPlatforms) = preSolution
		Debug|Any CPU = Debug|Any CPU
		Release|Any CPU = Release|Any CPU
	EndGlobalSection
	GlobalSection(ProjectConfigurationPlatforms) = postSolution
		{B1DBEFCB-5256-1446-2502-94F1085F4304}.Debug|Any CPU.ActiveCfg = Debug|Any CPU
		{B1DBEFCB-5256-1446-2502-94F1085F4304}.Debug|Any CPU.Build.0 = Debug|Any CPU
		{B1DBEFCB-5256-1446-2502-94F1085F4304}.Release|Any CPU.ActiveCfg = Release|Any CPU
		{B1DBEFCB-5256-1446-2502-94F1085F4304}.Release|Any CPU.Build.0 = Release|Any CPU
		{BF7293DC-46B4-ED5C-EFFD-8B2F94F45894}.Debug|Any CPU.ActiveCfg = Debug|Any CPU
		{BF7293DC-46B4-ED5C-EFFD-8B2F94F45894}.Debug|Any CPU.Build.0 = Debug|Any CPU
		{BF7293DC-46B4-ED5C-EFFD-8B2F94F45894}.Release|Any CPU.ActiveCfg = Release|Any CPU
		{BF7293DC-46B4-ED5C-EFFD-8B2F94F45894}.Release|Any CPU.Build.0 = Release|Any CPU
		{4A883D0B-3D1F-919D-56DF-16119AD887F2}.Debug|Any CPU.ActiveCfg = Debug|Any CPU
		{4A883D0B-3D1F-919D-56DF-16119AD887F2}.Debug|Any CPU.Build.0 = Debug|Any CPU
		{4A883D0B-3D1F-919D-56DF-16119AD887F2}.Release|Any CPU.ActiveCfg = Release|Any CPU
		{4A883D0B-3D1F-919D-56DF-16119AD887F2}.Release|Any CPU.Build.0 = Release|Any CPU
	EndGlobalSection
	GlobalSection(SolutionProperties) = preSolution
		HideSolutionNode = FALSE
	EndGlobalSection
EndGlobal
