
Microsoft Visual Studio Solution File, Format Version 12.00
# Visual Studio 2015
Project("{FAE04EC0-301F-11D3-BF4B-00C04F79EFBC}") = "polyminis-unity", "polyminis-unity.csproj", "{D548E5A6-B961-E626-AE78-B9CFDA61AD45}"
EndProject
Project("{FAE04EC0-301F-11D3-BF4B-00C04F79EFBC}") = "polyminis-unity.Editor.Plugins", "polyminis-unity.Editor.Plugins.csproj", "{5C14F875-8018-8D53-2FFB-33324A05FDF3}"
EndProject
Project("{FAE04EC0-301F-11D3-BF4B-00C04F79EFBC}") = "polyminis-unity.Editor", "polyminis-unity.Editor.csproj", "{CF180BF0-DDEB-9BD5-3727-51FD183EFCA6}"
EndProject
Global
	GlobalSection(SolutionConfigurationPlatforms) = preSolution
		Debug|Any CPU = Debug|Any CPU
		Release|Any CPU = Release|Any CPU
	EndGlobalSection
	GlobalSection(ProjectConfigurationPlatforms) = postSolution
		{D548E5A6-B961-E626-AE78-B9CFDA61AD45}.Debug|Any CPU.ActiveCfg = Debug|Any CPU
		{D548E5A6-B961-E626-AE78-B9CFDA61AD45}.Debug|Any CPU.Build.0 = Debug|Any CPU
		{D548E5A6-B961-E626-AE78-B9CFDA61AD45}.Release|Any CPU.ActiveCfg = Release|Any CPU
		{D548E5A6-B961-E626-AE78-B9CFDA61AD45}.Release|Any CPU.Build.0 = Release|Any CPU
		{5C14F875-8018-8D53-2FFB-33324A05FDF3}.Debug|Any CPU.ActiveCfg = Debug|Any CPU
		{5C14F875-8018-8D53-2FFB-33324A05FDF3}.Debug|Any CPU.Build.0 = Debug|Any CPU
		{5C14F875-8018-8D53-2FFB-33324A05FDF3}.Release|Any CPU.ActiveCfg = Release|Any CPU
		{5C14F875-8018-8D53-2FFB-33324A05FDF3}.Release|Any CPU.Build.0 = Release|Any CPU
		{CF180BF0-DDEB-9BD5-3727-51FD183EFCA6}.Debug|Any CPU.ActiveCfg = Debug|Any CPU
		{CF180BF0-DDEB-9BD5-3727-51FD183EFCA6}.Debug|Any CPU.Build.0 = Debug|Any CPU
		{CF180BF0-DDEB-9BD5-3727-51FD183EFCA6}.Release|Any CPU.ActiveCfg = Release|Any CPU
		{CF180BF0-DDEB-9BD5-3727-51FD183EFCA6}.Release|Any CPU.Build.0 = Release|Any CPU
	EndGlobalSection
	GlobalSection(SolutionProperties) = preSolution
		HideSolutionNode = FALSE
	EndGlobalSection
EndGlobal
